
Microsoft Visual Studio Solution File, Format Version 12.00
# Visual Studio 14
VisualStudioVersion = 14.0.24720.0
MinimumVisualStudioVersion = 10.0.40219.1
Project("{FAE04EC0-301F-11D3-BF4B-00C04F79EFBC}") = "UsersBase.ConsoleUI", "Task6_Users\UsersBase.ConsoleUI.csproj", "{B8454CB2-7345-4A1D-8191-525D8BBEE05E}"
EndProject
Project("{FAE04EC0-301F-11D3-BF4B-00C04F79EFBC}") = "UsersBase.Logic", "UsersBase.Logic\UsersBase.Logic.csproj", "{4348C06C-7CE1-46F3-9D58-74908C12A9CD}"
EndProject
Project("{FAE04EC0-301F-11D3-BF4B-00C04F79EFBC}") = "UsersBase.Entities", "UsersBase.Entities\UsersBase.Entities.csproj", "{9672C139-BF20-4B6C-B4DE-294157E17AE5}"
EndProject
Project("{FAE04EC0-301F-11D3-BF4B-00C04F79EFBC}") = "UsersBase.MemoryDal", "UsersBase.MemoryDal\UsersBase.MemoryDal.csproj", "{24901A9E-4BCE-4F09-A001-B1F783C466EB}"
EndProject
Project("{FAE04EC0-301F-11D3-BF4B-00C04F79EFBC}") = "UsersBase.FileDal", "UsersBase.FileDal\UsersBase.FileDal.csproj", "{9715DC9B-711A-4A6A-9281-11C3846C84AE}"
EndProject
Project("{2150E333-8FDC-42A3-9474-1A3956D46DE8}") = "PL", "PL", "{B252F98C-2373-46DE-AD09-25ED60249F08}"
EndProject
Project("{2150E333-8FDC-42A3-9474-1A3956D46DE8}") = "BLL", "BLL", "{617F02D5-7B79-417C-8D92-C0BA5E56BBED}"
EndProject
Project("{2150E333-8FDC-42A3-9474-1A3956D46DE8}") = "DAL", "DAL", "{7A7DD46F-F279-452D-B44D-795D915DB874}"
EndProject
Project("{2150E333-8FDC-42A3-9474-1A3956D46DE8}") = "Common", "Common", "{81581CD4-CF02-4733-A3F7-B84F9AC1240E}"
EndProject
Project("{FAE04EC0-301F-11D3-BF4B-00C04F79EFBC}") = "UsersBase.ExceptionLogger", "UsersBase.ExceptionLogger\UsersBase.ExceptionLogger.csproj", "{F939D1A6-B024-474D-B93E-8E8E50217F66}"
EndProject
Project("{FAE04EC0-301F-11D3-BF4B-00C04F79EFBC}") = "UsersBase.LogicContracts", "UsersBase.LogicContracts\UsersBase.LogicContracts.csproj", "{779A2FEE-8B84-4DFE-8D43-B09A6BC12951}"
EndProject
Project("{FAE04EC0-301F-11D3-BF4B-00C04F79EFBC}") = "UsersBase.DalContracts", "UsersBase.DalContracts\UsersBase.DalContracts.csproj", "{D1923F9D-3620-4261-B7D7-783EB09A4172}"
EndProject
Project("{FAE04EC0-301F-11D3-BF4B-00C04F79EFBC}") = "UsersBase.WebUI", "UsersBase.WebUI\UsersBase.WebUI.csproj", "{20001604-3454-46C9-947B-F338C34788D7}"
EndProject
Project("{FAE04EC0-301F-11D3-BF4B-00C04F79EFBC}") = "UsersBase.DBDal", "UsersBase.DBDal\UsersBase.DBDal.csproj", "{25A53034-5FFB-4E26-80CA-F836ADC49623}"
EndProject
Global
	GlobalSection(SolutionConfigurationPlatforms) = preSolution
		Debug|Any CPU = Debug|Any CPU
		Release|Any CPU = Release|Any CPU
	EndGlobalSection
	GlobalSection(ProjectConfigurationPlatforms) = postSolution
		{B8454CB2-7345-4A1D-8191-525D8BBEE05E}.Debug|Any CPU.ActiveCfg = Debug|Any CPU
		{B8454CB2-7345-4A1D-8191-525D8BBEE05E}.Debug|Any CPU.Build.0 = Debug|Any CPU
		{B8454CB2-7345-4A1D-8191-525D8BBEE05E}.Release|Any CPU.ActiveCfg = Release|Any CPU
		{B8454CB2-7345-4A1D-8191-525D8BBEE05E}.Release|Any CPU.Build.0 = Release|Any CPU
		{4348C06C-7CE1-46F3-9D58-74908C12A9CD}.Debug|Any CPU.ActiveCfg = Debug|Any CPU
		{4348C06C-7CE1-46F3-9D58-74908C12A9CD}.Debug|Any CPU.Build.0 = Debug|Any CPU
		{4348C06C-7CE1-46F3-9D58-74908C12A9CD}.Release|Any CPU.ActiveCfg = Release|Any CPU
		{4348C06C-7CE1-46F3-9D58-74908C12A9CD}.Release|Any CPU.Build.0 = Release|Any CPU
		{9672C139-BF20-4B6C-B4DE-294157E17AE5}.Debug|Any CPU.ActiveCfg = Debug|Any CPU
		{9672C139-BF20-4B6C-B4DE-294157E17AE5}.Debug|Any CPU.Build.0 = Debug|Any CPU
		{9672C139-BF20-4B6C-B4DE-294157E17AE5}.Release|Any CPU.ActiveCfg = Release|Any CPU
		{9672C139-BF20-4B6C-B4DE-294157E17AE5}.Release|Any CPU.Build.0 = Release|Any CPU
		{24901A9E-4BCE-4F09-A001-B1F783C466EB}.Debug|Any CPU.ActiveCfg = Debug|Any CPU
		{24901A9E-4BCE-4F09-A001-B1F783C466EB}.Debug|Any CPU.Build.0 = Debug|Any CPU
		{24901A9E-4BCE-4F09-A001-B1F783C466EB}.Release|Any CPU.ActiveCfg = Release|Any CPU
		{24901A9E-4BCE-4F09-A001-B1F783C466EB}.Release|Any CPU.Build.0 = Release|Any CPU
		{9715DC9B-711A-4A6A-9281-11C3846C84AE}.Debug|Any CPU.ActiveCfg = Debug|Any CPU
		{9715DC9B-711A-4A6A-9281-11C3846C84AE}.Debug|Any CPU.Build.0 = Debug|Any CPU
		{9715DC9B-711A-4A6A-9281-11C3846C84AE}.Release|Any CPU.ActiveCfg = Release|Any CPU
		{9715DC9B-711A-4A6A-9281-11C3846C84AE}.Release|Any CPU.Build.0 = Release|Any CPU
		{F939D1A6-B024-474D-B93E-8E8E50217F66}.Debug|Any CPU.ActiveCfg = Debug|Any CPU
		{F939D1A6-B024-474D-B93E-8E8E50217F66}.Debug|Any CPU.Build.0 = Debug|Any CPU
		{F939D1A6-B024-474D-B93E-8E8E50217F66}.Release|Any CPU.ActiveCfg = Release|Any CPU
		{F939D1A6-B024-474D-B93E-8E8E50217F66}.Release|Any CPU.Build.0 = Release|Any CPU
		{779A2FEE-8B84-4DFE-8D43-B09A6BC12951}.Debug|Any CPU.ActiveCfg = Debug|Any CPU
		{779A2FEE-8B84-4DFE-8D43-B09A6BC12951}.Debug|Any CPU.Build.0 = Debug|Any CPU
		{779A2FEE-8B84-4DFE-8D43-B09A6BC12951}.Release|Any CPU.ActiveCfg = Release|Any CPU
		{779A2FEE-8B84-4DFE-8D43-B09A6BC12951}.Release|Any CPU.Build.0 = Release|Any CPU
		{D1923F9D-3620-4261-B7D7-783EB09A4172}.Debug|Any CPU.ActiveCfg = Debug|Any CPU
		{D1923F9D-3620-4261-B7D7-783EB09A4172}.Debug|Any CPU.Build.0 = Debug|Any CPU
		{D1923F9D-3620-4261-B7D7-783EB09A4172}.Release|Any CPU.ActiveCfg = Release|Any CPU
		{D1923F9D-3620-4261-B7D7-783EB09A4172}.Release|Any CPU.Build.0 = Release|Any CPU
		{20001604-3454-46C9-947B-F338C34788D7}.Debug|Any CPU.ActiveCfg = Debug|Any CPU
		{20001604-3454-46C9-947B-F338C34788D7}.Debug|Any CPU.Build.0 = Debug|Any CPU
		{20001604-3454-46C9-947B-F338C34788D7}.Release|Any CPU.ActiveCfg = Release|Any CPU
		{20001604-3454-46C9-947B-F338C34788D7}.Release|Any CPU.Build.0 = Release|Any CPU
		{25A53034-5FFB-4E26-80CA-F836ADC49623}.Debug|Any CPU.ActiveCfg = Debug|Any CPU
		{25A53034-5FFB-4E26-80CA-F836ADC49623}.Debug|Any CPU.Build.0 = Debug|Any CPU
		{25A53034-5FFB-4E26-80CA-F836ADC49623}.Release|Any CPU.ActiveCfg = Release|Any CPU
		{25A53034-5FFB-4E26-80CA-F836ADC49623}.Release|Any CPU.Build.0 = Release|Any CPU
	EndGlobalSection
	GlobalSection(SolutionProperties) = preSolution
		HideSolutionNode = FALSE
	EndGlobalSection
	GlobalSection(NestedProjects) = preSolution
		{B8454CB2-7345-4A1D-8191-525D8BBEE05E} = {B252F98C-2373-46DE-AD09-25ED60249F08}
		{4348C06C-7CE1-46F3-9D58-74908C12A9CD} = {617F02D5-7B79-417C-8D92-C0BA5E56BBED}
		{9672C139-BF20-4B6C-B4DE-294157E17AE5} = {81581CD4-CF02-4733-A3F7-B84F9AC1240E}
		{24901A9E-4BCE-4F09-A001-B1F783C466EB} = {7A7DD46F-F279-452D-B44D-795D915DB874}
		{9715DC9B-711A-4A6A-9281-11C3846C84AE} = {7A7DD46F-F279-452D-B44D-795D915DB874}
		{F939D1A6-B024-474D-B93E-8E8E50217F66} = {81581CD4-CF02-4733-A3F7-B84F9AC1240E}
		{779A2FEE-8B84-4DFE-8D43-B09A6BC12951} = {617F02D5-7B79-417C-8D92-C0BA5E56BBED}
		{D1923F9D-3620-4261-B7D7-783EB09A4172} = {7A7DD46F-F279-452D-B44D-795D915DB874}
		{20001604-3454-46C9-947B-F338C34788D7} = {B252F98C-2373-46DE-AD09-25ED60249F08}
		{25A53034-5FFB-4E26-80CA-F836ADC49623} = {7A7DD46F-F279-452D-B44D-795D915DB874}
	EndGlobalSection
EndGlobal
